Microsoft Visual Studio Solution File, Format Version 12.00
# Visual Studio Version 17
VisualStudioVersion = 17.5.2.0
MinimumVisualStudioVersion = 10.0.40219.1
Project("{FAE04EC0-301F-11D3-BF4B-00C04F79EFBC}") = "EstacionamentoApi", "backend\EstacionamentoApi.csproj", "{002978A3-8BC0-F7D3-3C2B-27119A2687E6}"
EndProject
Global
	GlobalSection(SolutionConfigurationPlatforms) = preSolution
		Debug|Any CPU = Debug|Any CPU
		Release|Any CPU = Release|Any CPU
	EndGlobalSection
	GlobalSection(ProjectConfigurationPlatforms) = postSolution
		{002978A3-8BC0-F7D3-3C2B-27119A2687E6}.Debug|Any CPU.ActiveCfg = Debug|Any CPU
		{002978A3-8BC0-F7D3-3C2B-27119A2687E6}.Debug|Any CPU.Build.0 = Debug|Any CPU
		{002978A3-8BC0-F7D3-3C2B-27119A2687E6}.Release|Any CPU.ActiveCfg = Release|Any CPU
		{002978A3-8BC0-F7D3-3C2B-27119A2687E6}.Release|Any CPU.Build.0 = Release|Any CPU
	EndGlobalSection
	GlobalSection(SolutionProperties) = preSolution
		HideSolutionNode = FALSE
	EndGlobalSection
	GlobalSection(ExtensibilityGlobals) = postSolution
		SolutionGuid = {26D438D3-5E5F-4E0D-B4DD-4A7644AD0556}
	EndGlobalSection
EndGlobal
